
Microsoft Visual Studio Solution File, Format Version 12.00
# Visual Studio Version 17
VisualStudioVersion = 17.4.33205.214
MinimumVisualStudioVersion = 10.0.40219.1
Project("{FAE04EC0-301F-11D3-BF4B-00C04F79EFBC}") = "DataLoggerOPCUA", "DataLoggerOPCUA.csproj", "{77A2C46B-9AFA-429F-A6ED-215FE5FA6B71}"
EndProject
Global
	GlobalSection(SolutionConfigurationPlatforms) = preSolution
		Debug|Any CPU = Debug|Any CPU
		Release|Any CPU = Release|Any CPU
	EndGlobalSection
	GlobalSection(ProjectConfigurationPlatforms) = postSolution
		{77A2C46B-9AFA-429F-A6ED-215FE5FA6B71}.Debug|Any CPU.ActiveCfg = Debug|Any CPU
		{77A2C46B-9AFA-429F-A6ED-215FE5FA6B71}.Debug|Any CPU.Build.0 = Debug|Any CPU
		{77A2C46B-9AFA-429F-A6ED-215FE5FA6B71}.Release|Any CPU.ActiveCfg = Release|Any CPU
		{77A2C46B-9AFA-429F-A6ED-215FE5FA6B71}.Release|Any CPU.Build.0 = Release|Any CPU
	EndGlobalSection
	GlobalSection(SolutionProperties) = preSolution
		HideSolutionNode = FALSE
	EndGlobalSection
	GlobalSection(ExtensibilityGlobals) = postSolution
		SolutionGuid = {7F451F5E-050F-42F3-A4A1-EB2C00FA4AF1}
	EndGlobalSection
EndGlobal
